
Microsoft Visual Studio Solution File, Format Version 12.00
# Visual Studio Version 17
VisualStudioVersion = 17.8.34330.188
MinimumVisualStudioVersion = 10.0.40219.1
Project("{FAE04EC0-301F-11D3-BF4B-00C04F79EFBC}") = "Exercicio4", "Exercicio4\Exercicio4.csproj", "{E83CF017-6F71-47E8-A6F7-C7462853D2CB}"
EndProject
Global
	GlobalSection(SolutionConfigurationPlatforms) = preSolution
		Debug|Any CPU = Debug|Any CPU
		Release|Any CPU = Release|Any CPU
	EndGlobalSection
	GlobalSection(ProjectConfigurationPlatforms) = postSolution
		{E83CF017-6F71-47E8-A6F7-C7462853D2CB}.Debug|Any CPU.ActiveCfg = Debug|Any CPU
		{E83CF017-6F71-47E8-A6F7-C7462853D2CB}.Debug|Any CPU.Build.0 = Debug|Any CPU
		{E83CF017-6F71-47E8-A6F7-C7462853D2CB}.Release|Any CPU.ActiveCfg = Release|Any CPU
		{E83CF017-6F71-47E8-A6F7-C7462853D2CB}.Release|Any CPU.Build.0 = Release|Any CPU
	EndGlobalSection
	GlobalSection(SolutionProperties) = preSolution
		HideSolutionNode = FALSE
	EndGlobalSection
	GlobalSection(ExtensibilityGlobals) = postSolution
		SolutionGuid = {30574A3F-E614-4AEB-8654-66778880FAD0}
	EndGlobalSection
EndGlobal
